<?xml version="1.0" encoding="utf-8"?>
<Project ToolsVersion="4.0" xmlns="http://schemas.microsoft.com/developer/msbuild/2003">
  <ItemGroup>
    <ClCompile Include="Box2D\Collision\b2BroadPhase.cpp" />
    <ClCompile Include="Box2D\Collision\b2CollideCircle.cpp" />
    <ClCompile Include="Box2D\Collision\b2CollideEdge.cpp" />
    <ClCompile Include="Box2D\Collision\b2CollidePolygon.cpp" />
    <ClCompile Include="Box2D\Collision\b2Collision.cpp" />
    <ClCompile Include="Box2D\Collision\b2Distance.cpp" />
    <ClCompile Include="Box2D\Collision\b2DynamicTree.cpp" />
    <ClCompile Include="Box2D\Collision\b2TimeOfImpact.cpp" />
    <ClCompile Include="Box2D\Collision\Shapes\b2ChainShape.cpp" />
    <ClCompile Include="Box2D\Collision\Shapes\b2CircleShape.cpp" />
    <ClCompile Include="Box2D\Collision\Shapes\b2EdgeShape.cpp" />
    <ClCompile Include="Box2D\Collision\Shapes\b2PolygonShape.cpp" />
    <ClCompile Include="Box2D\Common\b2BlockAllocator.cpp" />
    <ClCompile Include="Box2D\Common\b2Draw.cpp" />
    <ClCompile Include="Box2D\Common\b2Math.cpp" />
    <ClCompile Include="Box2D\Common\b2Settings.cpp" />
    <ClCompile Include="Box2D\Common\b2StackAllocator.cpp" />
    <ClCompile Include="Box2D\Common\b2Timer.cpp" />
    <ClCompile Include="Box2D\Dynamics\b2Body.cpp" />
    <ClCompile Include="Box2D\Dynamics\b2ContactManager.cpp" />
    <ClCompile Include="Box2D\Dynamics\b2Fixture.cpp" />
    <ClCompile Include="Box2D\Dynamics\b2Island.cpp" />
    <ClCompile Include="Box2D\Dynamics\b2World.cpp" />
    <ClCompile Include="Box2D\Dynamics\b2WorldCallbacks.cpp" />
    <ClCompile Include="Box2D\Dynamics\Contacts\b2ChainAndCircleContact.cpp" />
    <ClCompile Include="Box2D\Dynamics\Contacts\b2ChainAndPolygonContact.cpp" />
    <ClCompile Include="Box2D\Dynamics\Contacts\b2CircleContact.cpp" />
    <ClCompile Include="Box2D\Dynamics\Contacts\b2Contact.cpp" />
    <ClCompile Include="Box2D\Dynamics\Contacts\b2ContactSolver.cpp" />
    <ClCompile Include="Box2D\Dynamics\Contacts\b2EdgeAndCircleContact.cpp" />
    <ClCompile Include="Box2D\Dynamics\Contacts\b2EdgeAndPolygonContact.cpp" />
    <ClCompile Include="Box2D\Dynamics\Contacts\b2PolygonAndCircleContact.cpp" />
    <ClCompile Include="Box2D\Dynamics\Contacts\b2PolygonContact.cpp" />
    <ClCompile Include="Box2D\Dynamics\Joints\b2DistanceJoint.cpp" />
    <ClCompile Include="Box2D\Dynamics\Joints\b2FrictionJoint.cpp" />
    <ClCompile Include="Box2D\Dynamics\Joints\b2GearJoint.cpp" />
    <ClCompile Include="Box2D\Dynamics\Joints\b2Joint.cpp" />
    <ClCompile Include="Box2D\Dynamics\Joints\b2MotorJoint.cpp" />
    <ClCompile Include="Box2D\Dynamics\Joints\b2MouseJoint.cpp" />
    <ClCompile Include="Box2D\Dynamics\Joints\b2PrismaticJoint.cpp" />
    <ClCompile Include="Box2D\Dynamics\Joints\b2PulleyJoint.cpp" />
    <ClCompile Include="Box2D\Dynamics\Joints\b2RevoluteJoint.cpp" />
    <ClCompile Include="Box2D\Dynamics\Joints\b2RopeJoint.cpp" />
    <ClCompile Include="Box2D\Dynamics\Joints\b2WeldJoint.cpp" />
    <ClCompile Include="Box2D\Dynamics\Joints\b2WheelJoint.cpp" />
    <ClCompile Include="Box2D\Rope\b2Rope.cpp" />
    <ClCompile Include="ContactListener.cpp" />
    <ClCompile Include="KeyboardManager.cpp" />
    <ClCompile Include="main.cpp" />
    <ClCompile Include="LTexture.cpp" />
    <ClCompile Include="Box2D\Particle\b2Particle.cpp" />
    <ClCompile Include="Box2D\Particle\b2ParticleAssembly.cpp" />
    <ClCompile Include="Box2D\Particle\b2ParticleGroup.cpp" />
    <ClCompile Include="Box2D\Particle\b2ParticleSystem.cpp" />
    <ClCompile Include="Box2D\Particle\b2VoronoiDiagram.cpp" />
    <ClCompile Include="Box2D\Common\b2FreeList.cpp" />
    <ClCompile Include="Box2D\Common\b2Stat.cpp" />
    <ClCompile Include="Box2D\Common\b2TrackedBlock.cpp" />
    <ClCompile Include="Enemy.cpp" />
    <ClCompile Include="PickUp.cpp" />
    <ClCompile Include="Player.cpp" />
    <ClCompile Include="CannonBall.cpp" />
    <ClCompile Include="Level.cpp" />
    <ClCompile Include="hudDisplay.cpp" />
    <ClCompile Include="AudioManager.cpp" />
    <ClCompile Include="Island.cpp" />
    <ClCompile Include="HealthIcon.cpp" />
  </ItemGroup>
  <ItemGroup>
    <ClInclude Include="Box2D\Box2D.h" />
    <ClInclude Include="Box2D\Collision\b2BroadPhase.h" />
    <ClInclude Include="Box2D\Collision\b2Collision.h" />
    <ClInclude Include="Box2D\Collision\b2Distance.h" />
    <ClInclude Include="Box2D\Collision\b2DynamicTree.h" />
    <ClInclude Include="Box2D\Collision\b2TimeOfImpact.h" />
    <ClInclude Include="Box2D\Collision\Shapes\b2ChainShape.h" />
    <ClInclude Include="Box2D\Collision\Shapes\b2CircleShape.h" />
    <ClInclude Include="Box2D\Collision\Shapes\b2EdgeShape.h" />
    <ClInclude Include="Box2D\Collision\Shapes\b2PolygonShape.h" />
    <ClInclude Include="Box2D\Collision\Shapes\b2Shape.h" />
    <ClInclude Include="Box2D\Common\b2BlockAllocator.h" />
    <ClInclude Include="Box2D\Common\b2Draw.h" />
    <ClInclude Include="Box2D\Common\b2GrowableStack.h" />
    <ClInclude Include="Box2D\Common\b2Math.h" />
    <ClInclude Include="Box2D\Common\b2Settings.h" />
    <ClInclude Include="Box2D\Common\b2StackAllocator.h" />
    <ClInclude Include="Box2D\Common\b2Timer.h" />
    <ClInclude Include="Box2D\Dynamics\b2Body.h" />
    <ClInclude Include="Box2D\Dynamics\b2ContactManager.h" />
    <ClInclude Include="Box2D\Dynamics\b2Fixture.h" />
    <ClInclude Include="Box2D\Dynamics\b2Island.h" />
    <ClInclude Include="Box2D\Dynamics\b2TimeStep.h" />
    <ClInclude Include="Box2D\Dynamics\b2World.h" />
    <ClInclude Include="Box2D\Dynamics\b2WorldCallbacks.h" />
    <ClInclude Include="Box2D\Dynamics\Contacts\b2ChainAndCircleContact.h" />
    <ClInclude Include="Box2D\Dynamics\Contacts\b2ChainAndPolygonContact.h" />
    <ClInclude Include="Box2D\Dynamics\Contacts\b2CircleContact.h" />
    <ClInclude Include="Box2D\Dynamics\Contacts\b2Contact.h" />
    <ClInclude Include="Box2D\Dynamics\Contacts\b2ContactSolver.h" />
    <ClInclude Include="Box2D\Dynamics\Contacts\b2EdgeAndCircleContact.h" />
    <ClInclude Include="Box2D\Dynamics\Contacts\b2EdgeAndPolygonContact.h" />
    <ClInclude Include="Box2D\Dynamics\Contacts\b2PolygonAndCircleContact.h" />
    <ClInclude Include="Box2D\Dynamics\Contacts\b2PolygonContact.h" />
    <ClInclude Include="Box2D\Dynamics\Joints\b2DistanceJoint.h" />
    <ClInclude Include="Box2D\Dynamics\Joints\b2FrictionJoint.h" />
    <ClInclude Include="Box2D\Dynamics\Joints\b2GearJoint.h" />
    <ClInclude Include="Box2D\Dynamics\Joints\b2Joint.h" />
    <ClInclude Include="Box2D\Dynamics\Joints\b2MotorJoint.h" />
    <ClInclude Include="Box2D\Dynamics\Joints\b2MouseJoint.h" />
    <ClInclude Include="Box2D\Dynamics\Joints\b2PrismaticJoint.h" />
    <ClInclude Include="Box2D\Dynamics\Joints\b2PulleyJoint.h" />
    <ClInclude Include="Box2D\Dynamics\Joints\b2RevoluteJoint.h" />
    <ClInclude Include="Box2D\Dynamics\Joints\b2RopeJoint.h" />
    <ClInclude Include="Box2D\Dynamics\Joints\b2WeldJoint.h" />
    <ClInclude Include="Box2D\Dynamics\Joints\b2WheelJoint.h" />
    <ClInclude Include="Box2D\Rope\b2Rope.h" />
    <ClInclude Include="ContactListener.h" />
    <ClInclude Include="KeyboardManager.h" />
    <ClInclude Include="LTexture.h" />
    <ClInclude Include="Box2D\Particle\b2VoronoiDiagram.h" />
    <ClInclude Include="Box2D\Particle\b2Particle.h" />
    <ClInclude Include="Box2D\Particle\b2ParticleAssembly.h" />
    <ClInclude Include="Box2D\Particle\b2ParticleGroup.h" />
    <ClInclude Include="Box2D\Particle\b2ParticleSystem.h" />
    <ClInclude Include="Box2D\Particle\b2StackQueue.h" />
    <ClInclude Include="Box2D\Common\b2FreeList.h" />
    <ClInclude Include="Box2D\Common\b2GrowableBuffer.h" />
    <ClInclude Include="Box2D\Common\b2IntrusiveList.h" />
    <ClInclude Include="Box2D\Common\b2SlabAllocator.h" />
    <ClInclude Include="Box2D\Common\b2Stat.h" />
    <ClInclude Include="Box2D\Common\b2TrackedBlock.h" />
    <ClInclude Include="CONSTANTS.h" />
    <ClInclude Include="Enemy.h" />
    <ClInclude Include="PickUp.h" />
    <ClInclude Include="Player.h" />
    <ClInclude Include="CannonBall.h" />
    <ClInclude Include="Level.h" />
    <ClInclude Include="hudDisplay.h" />
    <ClInclude Include="AudioManager.h" />
    <ClInclude Include="Island.h" />
    <ClInclude Include="HealthIcon.h" />
  </ItemGroup>
  <ItemGroup>
    <None Include="Box2D\Box2DConfig.cmake" />
    <None Include="Box2D\Particle\b2ParticleAssembly.neon.s" />
    <None Include="WaterBucket.png" />
    <None Include="Wiskey.png" />
    <None Include="PirateShip.png" />
    <None Include="Player.png" />
    <None Include="README.md" />
    <None Include="background.png" />
    <None Include="CannonBall.png" />
    <None Include="Heart.png" />
    <None Include="Drop.png" />
    <None Include=".gitignore" />
    <None Include="Bullet.png" />
    <None Include="waves.wav" />
    <None Include="Island.png" />
  </ItemGroup>
  <ItemGroup>
    <Text Include="Box2D\CMakeLists.txt" />
  </ItemGroup>
</Project>